
Microsoft Visual Studio Solution File, Format Version 12.00
# Visual Studio Version 16
VisualStudioVersion = 16.0.29905.134
MinimumVisualStudioVersion = 10.0.40219.1
Project("{9A19103F-16F7-4668-BE54-9A1E7A4F7556}") = "Unipack", "Unipack\Unipack.csproj", "{F5C090B6-C66E-4AA5-A67E-D668EFE236B9}"
EndProject
Project("{FAE04EC0-301F-11D3-BF4B-00C04F79EFBC}") = "Unipack.Tests", "Unipack.Tests\Unipack.Tests.csproj", "{A1588FC5-1E69-4644-B470-0C23845018CB}"
	ProjectSection(ProjectDependencies) = postProject
		{F5C090B6-C66E-4AA5-A67E-D668EFE236B9} = {F5C090B6-C66E-4AA5-A67E-D668EFE236B9}
	EndProjectSection
EndProject
Global
	GlobalSection(SolutionConfigurationPlatforms) = preSolution
		Debug|Any CPU = Debug|Any CPU
		Release|Any CPU = Release|Any CPU
	EndGlobalSection
	GlobalSection(ProjectConfigurationPlatforms) = postSolution
		{F5C090B6-C66E-4AA5-A67E-D668EFE236B9}.Debug|Any CPU.ActiveCfg = Debug|Any CPU
		{F5C090B6-C66E-4AA5-A67E-D668EFE236B9}.Debug|Any CPU.Build.0 = Debug|Any CPU
		{F5C090B6-C66E-4AA5-A67E-D668EFE236B9}.Release|Any CPU.ActiveCfg = Release|Any CPU
		{F5C090B6-C66E-4AA5-A67E-D668EFE236B9}.Release|Any CPU.Build.0 = Release|Any CPU
		{A1588FC5-1E69-4644-B470-0C23845018CB}.Debug|Any CPU.ActiveCfg = Debug|Any CPU
		{A1588FC5-1E69-4644-B470-0C23845018CB}.Debug|Any CPU.Build.0 = Debug|Any CPU
		{A1588FC5-1E69-4644-B470-0C23845018CB}.Release|Any CPU.ActiveCfg = Release|Any CPU
		{A1588FC5-1E69-4644-B470-0C23845018CB}.Release|Any CPU.Build.0 = Release|Any CPU
	EndGlobalSection
	GlobalSection(SolutionProperties) = preSolution
		HideSolutionNode = FALSE
	EndGlobalSection
	GlobalSection(ExtensibilityGlobals) = postSolution
		SolutionGuid = {D43FD452-FA1C-4D1B-B808-A8EEAD47A636}
	EndGlobalSection
EndGlobal
